
Microsoft Visual Studio Solution File, Format Version 12.00
# Visual Studio Version 17
VisualStudioVersion = 17.9.34728.123
MinimumVisualStudioVersion = 10.0.40219.1
Project("{FAE04EC0-301F-11D3-BF4B-00C04F79EFBC}") = "IncomeCalculator", "IncomeCalculator\IncomeCalculator.csproj", "{11AA1C96-E684-4B74-8B03-670928C0511E}"
EndProject
Global
	GlobalSection(SolutionConfigurationPlatforms) = preSolution
		Debug|Any CPU = Debug|Any CPU
		Release|Any CPU = Release|Any CPU
	EndGlobalSection
	GlobalSection(ProjectConfigurationPlatforms) = postSolution
		{11AA1C96-E684-4B74-8B03-670928C0511E}.Debug|Any CPU.ActiveCfg = Debug|Any CPU
		{11AA1C96-E684-4B74-8B03-670928C0511E}.Debug|Any CPU.Build.0 = Debug|Any CPU
		{11AA1C96-E684-4B74-8B03-670928C0511E}.Release|Any CPU.ActiveCfg = Release|Any CPU
		{11AA1C96-E684-4B74-8B03-670928C0511E}.Release|Any CPU.Build.0 = Release|Any CPU
	EndGlobalSection
	GlobalSection(SolutionProperties) = preSolution
		HideSolutionNode = FALSE
	EndGlobalSection
	GlobalSection(ExtensibilityGlobals) = postSolution
		SolutionGuid = {B875BC4A-AA07-49CB-91C3-78B771EC2CB2}
	EndGlobalSection
EndGlobal
